# THIS IS AN AUTOGENERATED FILE. DO NOT EDIT THIS FILE DIRECTLY.
# yarn lockfile v1


electron-is-dev@^1.2.0:
  version "1.2.0"
  resolved "https://registry.yarnpkg.com/electron-is-dev/-/electron-is-dev-1.2.0.tgz#2e5cea0a1b3ccf1c86f577cee77363ef55deb05e"
  integrity sha512-R1oD5gMBPS7PVU8gJwH6CtT0e6VSoD0+SzSnYpNm+dBkcijgA+K7VAMHDfnRq/lkKPZArpzplTW6jfiMYosdzw==
